// !$*UTF8*$!
{
	archiveVersion = 1;
	classes = {
	};
	objectVersion = 56;
	objects = {

/* Begin PBXBuildFile section */
		EC8FB7FD2B873849001F2EBD /* AppDelegate.swift in Sources */ = {isa = PBXBuildFile; fileRef = EC8FB7FC2B873849001F2EBD /* AppDelegate.swift */; };
		EC8FB7FF2B873849001F2EBD /* SceneDelegate.swift in Sources */ = {isa = PBXBuildFile; fileRef = EC8FB7FE2B873849001F2EBD /* SceneDelegate.swift */; };
		EC8FB8062B87384A001F2EBD /* Assets.xcassets in Resources */ = {isa = PBXBuildFile; fileRef = EC8FB8052B87384A001F2EBD /* Assets.xcassets */; };
		EC8FB8092B87384A001F2EBD /* LaunchScreen.storyboard in Resources */ = {isa = PBXBuildFile; fileRef = EC8FB8072B87384A001F2EBD /* LaunchScreen.storyboard */; };
		EC8FB8112B8738DA001F2EBD /* SignUpViewController.swift in Sources */ = {isa = PBXBuildFile; fileRef = EC8FB8102B8738DA001F2EBD /* SignUpViewController.swift */; };
		EC8FB8142B873AAA001F2EBD /* SnapKit in Frameworks */ = {isa = PBXBuildFile; productRef = EC8FB8132B873AAA001F2EBD /* SnapKit */; };
		EC8FB8162B873CD6001F2EBD /* SignUpObservable.swift in Sources */ = {isa = PBXBuildFile; fileRef = EC8FB8152B873CD6001F2EBD /* SignUpObservable.swift */; };
		EC8FB8182B873CE2001F2EBD /* SignUpViewModel.swift in Sources */ = {isa = PBXBuildFile; fileRef = EC8FB8172B873CE2001F2EBD /* SignUpViewModel.swift */; };
		EC8FB81C2B874ED5001F2EBD /* NumberViewController.swift in Sources */ = {isa = PBXBuildFile; fileRef = EC8FB81B2B874ED5001F2EBD /* NumberViewController.swift */; };
		EC8FB8202B876E19001F2EBD /* NumberViewModel.swift in Sources */ = {isa = PBXBuildFile; fileRef = EC8FB81F2B876E19001F2EBD /* NumberViewModel.swift */; };
		EC8FB8222B876E27001F2EBD /* NumberObservable.swift in Sources */ = {isa = PBXBuildFile; fileRef = EC8FB8212B876E27001F2EBD /* NumberObservable.swift */; };
/* End PBXBuildFile section */

/* Begin PBXFileReference section */
		EC8FB7F92B873849001F2EBD /* StudyMVVM.app */ = {isa = PBXFileReference; explicitFileType = wrapper.application; includeInIndex = 0; path = StudyMVVM.app; sourceTree = BUILT_PRODUCTS_DIR; };
		EC8FB7FC2B873849001F2EBD /* AppDelegate.swift */ = {isa = PBXFileReference; lastKnownFileType = sourcecode.swift; path = AppDelegate.swift; sourceTree = "<group>"; };
		EC8FB7FE2B873849001F2EBD /* SceneDelegate.swift */ = {isa = PBXFileReference; lastKnownFileType = sourcecode.swift; path = SceneDelegate.swift; sourceTree = "<group>"; };
		EC8FB8052B87384A001F2EBD /* Assets.xcassets */ = {isa = PBXFileReference; lastKnownFileType = folder.assetcatalog; path = Assets.xcassets; sourceTree = "<group>"; };
		EC8FB8082B87384A001F2EBD /* Base */ = {isa = PBXFileReference; lastKnownFileType = file.storyboard; name = Base; path = Base.lproj/LaunchScreen.storyboard; sourceTree = "<group>"; };
		EC8FB80A2B87384A001F2EBD /* Info.plist */ = {isa = PBXFileReference; lastKnownFileType = text.plist.xml; path = Info.plist; sourceTree = "<group>"; };
		EC8FB8102B8738DA001F2EBD /* SignUpViewController.swift */ = {isa = PBXFileReference; lastKnownFileType = sourcecode.swift; path = SignUpViewController.swift; sourceTree = "<group>"; };
		EC8FB8152B873CD6001F2EBD /* SignUpObservable.swift */ = {isa = PBXFileReference; lastKnownFileType = sourcecode.swift; path = SignUpObservable.swift; sourceTree = "<group>"; };
		EC8FB8172B873CE2001F2EBD /* SignUpViewModel.swift */ = {isa = PBXFileReference; lastKnownFileType = sourcecode.swift; path = SignUpViewModel.swift; sourceTree = "<group>"; };
		EC8FB81B2B874ED5001F2EBD /* NumberViewController.swift */ = {isa = PBXFileReference; lastKnownFileType = sourcecode.swift; path = NumberViewController.swift; sourceTree = "<group>"; };
		EC8FB81F2B876E19001F2EBD /* NumberViewModel.swift */ = {isa = PBXFileReference; lastKnownFileType = sourcecode.swift; path = NumberViewModel.swift; sourceTree = "<group>"; };
		EC8FB8212B876E27001F2EBD /* NumberObservable.swift */ = {isa = PBXFileReference; lastKnownFileType = sourcecode.swift; path = NumberObservable.swift; sourceTree = "<group>"; };
/* End PBXFileReference section */

/* Begin PBXFrameworksBuildPhase section */
		EC8FB7F62B873849001F2EBD /* Frameworks */ = {
			isa = PBXFrameworksBuildPhase;
			buildActionMask = 2147483647;
			files = (
				EC8FB8142B873AAA001F2EBD /* SnapKit in Frameworks */,
			);
			runOnlyForDeploymentPostprocessing = 0;
		};
/* End PBXFrameworksBuildPhase section */

/* Begin PBXGroup section */
		EC8FB7F02B873849001F2EBD = {
			isa = PBXGroup;
			children = (
				EC8FB7FB2B873849001F2EBD /* StudyMVVM */,
				EC8FB7FA2B873849001F2EBD /* Products */,
			);
			sourceTree = "<group>";
		};
		EC8FB7FA2B873849001F2EBD /* Products */ = {
			isa = PBXGroup;
			children = (
				EC8FB7F92B873849001F2EBD /* StudyMVVM.app */,
			);
			name = Products;
			sourceTree = "<group>";
		};
		EC8FB7FB2B873849001F2EBD /* StudyMVVM */ = {
			isa = PBXGroup;
			children = (
				EC8FB81E2B874F26001F2EBD /* Number */,
				EC8FB81D2B874F13001F2EBD /* SignUp */,
				EC8FB7FC2B873849001F2EBD /* AppDelegate.swift */,
				EC8FB7FE2B873849001F2EBD /* SceneDelegate.swift */,
				EC8FB8052B87384A001F2EBD /* Assets.xcassets */,
				EC8FB8072B87384A001F2EBD /* LaunchScreen.storyboard */,
				EC8FB80A2B87384A001F2EBD /* Info.plist */,
			);
			path = StudyMVVM;
			sourceTree = "<group>";
		};
		EC8FB81D2B874F13001F2EBD /* SignUp */ = {
			isa = PBXGroup;
			children = (
				EC8FB8102B8738DA001F2EBD /* SignUpViewController.swift */,
				EC8FB8152B873CD6001F2EBD /* SignUpObservable.swift */,
				EC8FB8172B873CE2001F2EBD /* SignUpViewModel.swift */,
			);
			path = SignUp;
			sourceTree = "<group>";
		};
		EC8FB81E2B874F26001F2EBD /* Number */ = {
			isa = PBXGroup;
			children = (
				EC8FB81B2B874ED5001F2EBD /* NumberViewController.swift */,
				EC8FB81F2B876E19001F2EBD /* NumberViewModel.swift */,
				EC8FB8212B876E27001F2EBD /* NumberObservable.swift */,
			);
			path = Number;
			sourceTree = "<group>";
		};
/* End PBXGroup section */

/* Begin PBXNativeTarget section */
		EC8FB7F82B873849001F2EBD /* StudyMVVM */ = {
			isa = PBXNativeTarget;
			buildConfigurationList = EC8FB80D2B87384A001F2EBD /* Build configuration list for PBXNativeTarget "StudyMVVM" */;
			buildPhases = (
				EC8FB7F52B873849001F2EBD /* Sources */,
				EC8FB7F62B873849001F2EBD /* Frameworks */,
				EC8FB7F72B873849001F2EBD /* Resources */,
			);
			buildRules = (
			);
			dependencies = (
			);
			name = StudyMVVM;
			packageProductDependencies = (
				EC8FB8132B873AAA001F2EBD /* SnapKit */,
			);
			productName = StudyMVVM;
			productReference = EC8FB7F92B873849001F2EBD /* StudyMVVM.app */;
			productType = "com.apple.product-type.application";
		};
/* End PBXNativeTarget section */

/* Begin PBXProject section */
		EC8FB7F12B873849001F2EBD /* Project object */ = {
			isa = PBXProject;
			attributes = {
				BuildIndependentTargetsInParallel = 1;
				LastSwiftUpdateCheck = 1520;
				LastUpgradeCheck = 1520;
				TargetAttributes = {
					EC8FB7F82B873849001F2EBD = {
						CreatedOnToolsVersion = 15.2;
					};
				};
			};
			buildConfigurationList = EC8FB7F42B873849001F2EBD /* Build configuration list for PBXProject "StudyMVVM" */;
			compatibilityVersion = "Xcode 14.0";
			developmentRegion = en;
			hasScannedForEncodings = 0;
			knownRegions = (
				en,
				Base,
			);
			mainGroup = EC8FB7F02B873849001F2EBD;
			packageReferences = (
				EC8FB8122B873AAA001F2EBD /* XCRemoteSwiftPackageReference "SnapKit" */,
			);
			productRefGroup = EC8FB7FA2B873849001F2EBD /* Products */;
			projectDirPath = "";
			projectRoot = "";
			targets = (
				EC8FB7F82B873849001F2EBD /* StudyMVVM */,
			);
		};
/* End PBXProject section */

/* Begin PBXResourcesBuildPhase section */
		EC8FB7F72B873849001F2EBD /* Resources */ = {
			isa = PBXResourcesBuildPhase;
			buildActionMask = 2147483647;
			files = (
				EC8FB8092B87384A001F2EBD /* LaunchScreen.storyboard in Resources */,
				EC8FB8062B87384A001F2EBD /* Assets.xcassets in Resources */,
			);
			runOnlyForDeploymentPostprocessing = 0;
		};
/* End PBXResourcesBuildPhase section */

/* Begin PBXSourcesBuildPhase section */
		EC8FB7F52B873849001F2EBD /* Sources */ = {
			isa = PBXSourcesBuildPhase;
			buildActionMask = 2147483647;
			files = (
				EC8FB8162B873CD6001F2EBD /* SignUpObservable.swift in Sources */,
				EC8FB8112B8738DA001F2EBD /* SignUpViewController.swift in Sources */,
				EC8FB8182B873CE2001F2EBD /* SignUpViewModel.swift in Sources */,
				EC8FB81C2B874ED5001F2EBD /* NumberViewController.swift in Sources */,
				EC8FB7FD2B873849001F2EBD /* AppDelegate.swift in Sources */,
				EC8FB7FF2B873849001F2EBD /* SceneDelegate.swift in Sources */,
				EC8FB8202B876E19001F2EBD /* NumberViewModel.swift in Sources */,
				EC8FB8222B876E27001F2EBD /* NumberObservable.swift in Sources */,
			);
			runOnlyForDeploymentPostprocessing = 0;
		};
/* End PBXSourcesBuildPhase section */

/* Begin PBXVariantGroup section */
		EC8FB8072B87384A001F2EBD /* LaunchScreen.storyboard */ = {
			isa = PBXVariantGroup;
			children = (
				EC8FB8082B87384A001F2EBD /* Base */,
			);
			name = LaunchScreen.storyboard;
			sourceTree = "<group>";
		};
/* End PBXVariantGroup section */

/* Begin XCBuildConfiguration section */
		EC8FB80B2B87384A001F2EBD /* Debug */ = {
			isa = XCBuildConfiguration;
			buildSettings = {
				ALWAYS_SEARCH_USER_PATHS = NO;
				ASSETCATALOG_COMPILER_GENERATE_SWIFT_ASSET_SYMBOL_EXTENSIONS = YES;
				CLANG_ANALYZER_NONNULL = YES;
				CLANG_ANALYZER_NUMBER_OBJECT_CONVERSION = YES_AGGRESSIVE;
				CLANG_CXX_LANGUAGE_STANDARD = "gnu++20";
				CLANG_ENABLE_MODULES = YES;
				CLANG_ENABLE_OBJC_ARC = YES;
				CLANG_ENABLE_OBJC_WEAK = YES;
				CLANG_WARN_BLOCK_CAPTURE_AUTORELEASING = YES;
				CLANG_WARN_BOOL_CONVERSION = YES;
				CLANG_WARN_COMMA = YES;
				CLANG_WARN_CONSTANT_CONVERSION = YES;
				CLANG_WARN_DEPRECATED_OBJC_IMPLEMENTATIONS = YES;
				CLANG_WARN_DIRECT_OBJC_ISA_USAGE = YES_ERROR;
				CLANG_WARN_DOCUMENTATION_COMMENTS = YES;
				CLANG_WARN_EMPTY_BODY = YES;
				CLANG_WARN_ENUM_CONVERSION = YES;
				CLANG_WARN_INFINITE_RECURSION = YES;
				CLANG_WARN_INT_CONVERSION = YES;
				CLANG_WARN_NON_LITERAL_NULL_CONVERSION = YES;
				CLANG_WARN_OBJC_IMPLICIT_RETAIN_SELF = YES;
				CLANG_WARN_OBJC_LITERAL_CONVERSION = YES;
				CLANG_WARN_OBJC_ROOT_CLASS = YES_ERROR;
				CLANG_WARN_QUOTED_INCLUDE_IN_FRAMEWORK_HEADER = YES;
				CLANG_WARN_RANGE_LOOP_ANALYSIS = YES;
				CLANG_WARN_STRICT_PROTOTYPES = YES;
				CLANG_WARN_SUSPICIOUS_MOVE = YES;
				CLANG_WARN_UNGUARDED_AVAILABILITY = YES_AGGRESSIVE;
				CLANG_WARN_UNREACHABLE_CODE = YES;
				CLANG_WARN__DUPLICATE_METHOD_MATCH = YES;
				COPY_PHASE_STRIP = NO;
				DEBUG_INFORMATION_FORMAT = dwarf;
				ENABLE_STRICT_OBJC_MSGSEND = YES;
				ENABLE_TESTABILITY = YES;
				ENABLE_USER_SCRIPT_SANDBOXING = YES;
				GCC_C_LANGUAGE_STANDARD = gnu17;
				GCC_DYNAMIC_NO_PIC = NO;
				GCC_NO_COMMON_BLOCKS = YES;
				GCC_OPTIMIZATION_LEVEL = 0;
				GCC_PREPROCESSOR_DEFINITIONS = (
					"DEBUG=1",
					"$(inherited)",
				);
				GCC_WARN_64_TO_32_BIT_CONVERSION = YES;
				GCC_WARN_ABOUT_RETURN_TYPE = YES_ERROR;
				GCC_WARN_UNDECLARED_SELECTOR = YES;
				GCC_WARN_UNINITIALIZED_AUTOS = YES_AGGRESSIVE;
				GCC_WARN_UNUSED_FUNCTION = YES;
				GCC_WARN_UNUSED_VARIABLE = YES;
				IPHONEOS_DEPLOYMENT_TARGET = 17.2;
				LOCALIZATION_PREFERS_STRING_CATALOGS = YES;
				MTL_ENABLE_DEBUG_INFO = INCLUDE_SOURCE;
				MTL_FAST_MATH = YES;
				ONLY_ACTIVE_ARCH = YES;
				SDKROOT = iphoneos;
				SWIFT_ACTIVE_COMPILATION_CONDITIONS = "DEBUG $(inherited)";
				SWIFT_OPTIMIZATION_LEVEL = "-Onone";
			};
			name = Debug;
		};
		EC8FB80C2B87384A001F2EBD /* Release */ = {
			isa = XCBuildConfiguration;
			buildSettings = {
				ALWAYS_SEARCH_USER_PATHS = NO;
				ASSETCATALOG_COMPILER_GENERATE_SWIFT_ASSET_SYMBOL_EXTENSIONS = YES;
				CLANG_ANALYZER_NONNULL = YES;
				CLANG_ANALYZER_NUMBER_OBJECT_CONVERSION = YES_AGGRESSIVE;
				CLANG_CXX_LANGUAGE_STANDARD = "gnu++20";
				CLANG_ENABLE_MODULES = YES;
				CLANG_ENABLE_OBJC_ARC = YES;
				CLANG_ENABLE_OBJC_WEAK = YES;
				CLANG_WARN_BLOCK_CAPTURE_AUTORELEASING = YES;
				CLANG_WARN_BOOL_CONVERSION = YES;
				CLANG_WARN_COMMA = YES;
				CLANG_WARN_CONSTANT_CONVERSION = YES;
				CLANG_WARN_DEPRECATED_OBJC_IMPLEMENTATIONS = YES;
				CLANG_WARN_DIRECT_OBJC_ISA_USAGE = YES_ERROR;
				CLANG_WARN_DOCUMENTATION_COMMENTS = YES;
				CLANG_WARN_EMPTY_BODY = YES;
				CLANG_WARN_ENUM_CONVERSION = YES;
				CLANG_WARN_INFINITE_RECURSION = YES;
				CLANG_WARN_INT_CONVERSION = YES;
				CLANG_WARN_NON_LITERAL_NULL_CONVERSION = YES;
				CLANG_WARN_OBJC_IMPLICIT_RETAIN_SELF = YES;
				CLANG_WARN_OBJC_LITERAL_CONVERSION = YES;
				CLANG_WARN_OBJC_ROOT_CLASS = YES_ERROR;
				CLANG_WARN_QUOTED_INCLUDE_IN_FRAMEWORK_HEADER = YES;
				CLANG_WARN_RANGE_LOOP_ANALYSIS = YES;
				CLANG_WARN_STRICT_PROTOTYPES = YES;
				CLANG_WARN_SUSPICIOUS_MOVE = YES;
				CLANG_WARN_UNGUARDED_AVAILABILITY = YES_AGGRESSIVE;
				CLANG_WARN_UNREACHABLE_CODE = YES;
				CLANG_WARN__DUPLICATE_METHOD_MATCH = YES;
				COPY_PHASE_STRIP = NO;
				DEBUG_INFORMATION_FORMAT = "dwarf-with-dsym";
				ENABLE_NS_ASSERTIONS = NO;
				ENABLE_STRICT_OBJC_MSGSEND = YES;
				ENABLE_USER_SCRIPT_SANDBOXING = YES;
				GCC_C_LANGUAGE_STANDARD = gnu17;
				GCC_NO_COMMON_BLOCKS = YES;
				GCC_WARN_64_TO_32_BIT_CONVERSION = YES;
				GCC_WARN_ABOUT_RETURN_TYPE = YES_ERROR;
				GCC_WARN_UNDECLARED_SELECTOR = YES;
				GCC_WARN_UNINITIALIZED_AUTOS = YES_AGGRESSIVE;
				GCC_WARN_UNUSED_FUNCTION = YES;
				GCC_WARN_UNUSED_VARIABLE = YES;
				IPHONEOS_DEPLOYMENT_TARGET = 17.2;
				LOCALIZATION_PREFERS_STRING_CATALOGS = YES;
				MTL_ENABLE_DEBUG_INFO = NO;
				MTL_FAST_MATH = YES;
				SDKROOT = iphoneos;
				SWIFT_COMPILATION_MODE = wholemodule;
				VALIDATE_PRODUCT = YES;
			};
			name = Release;
		};
		EC8FB80E2B87384A001F2EBD /* Debug */ = {
			isa = XCBuildConfiguration;
			buildSettings = {
				ASSETCATALOG_COMPILER_APPICON_NAME = AppIcon;
				ASSETCATALOG_COMPILER_GLOBAL_ACCENT_COLOR_NAME = AccentColor;
				CODE_SIGN_STYLE = Automatic;
				CURRENT_PROJECT_VERSION = 1;
				GENERATE_INFOPLIST_FILE = YES;
				INFOPLIST_FILE = StudyMVVM/Info.plist;
				INFOPLIST_KEY_UIApplicationSupportsIndirectInputEvents = YES;
				INFOPLIST_KEY_UILaunchStoryboardName = LaunchScreen;
				INFOPLIST_KEY_UIMainStoryboardFile = "";
				INFOPLIST_KEY_UISupportedInterfaceOrientations = UIInterfaceOrientationPortrait;
				INFOPLIST_KEY_UISupportedInterfaceOrientations_iPad = "UIInterfaceOrientationLandscapeLeft UIInterfaceOrientationLandscapeRight UIInterfaceOrientationPortrait UIInterfaceOrientationPortraitUpsideDown";
				LD_RUNPATH_SEARCH_PATHS = (
					"$(inherited)",
					"@executable_path/Frameworks",
				);
				MARKETING_VERSION = 1.0;
				PRODUCT_BUNDLE_IDENTIFIER = com.olrae.StudyMVVM;
				PRODUCT_NAME = "$(TARGET_NAME)";
				SUPPORTED_PLATFORMS = "iphoneos iphonesimulator";
				SUPPORTS_MACCATALYST = NO;
				SUPPORTS_MAC_DESIGNED_FOR_IPHONE_IPAD = NO;
				SUPPORTS_XR_DESIGNED_FOR_IPHONE_IPAD = NO;
				SWIFT_EMIT_LOC_STRINGS = YES;
				SWIFT_VERSION = 5.0;
				TARGETED_DEVICE_FAMILY = 1;
			};
			name = Debug;
		};
		EC8FB80F2B87384A001F2EBD /* Release */ = {
			isa = XCBuildConfiguration;
			buildSettings = {
				ASSETCATALOG_COMPILER_APPICON_NAME = AppIcon;
				ASSETCATALOG_COMPILER_GLOBAL_ACCENT_COLOR_NAME = AccentColor;
				CODE_SIGN_STYLE = Automatic;
				CURRENT_PROJECT_VERSION = 1;
				GENERATE_INFOPLIST_FILE = YES;
				INFOPLIST_FILE = StudyMVVM/Info.plist;
				INFOPLIST_KEY_UIApplicationSupportsIndirectInputEvents = YES;
				INFOPLIST_KEY_UILaunchStoryboardName = LaunchScreen;
				INFOPLIST_KEY_UIMainStoryboardFile = "";
				INFOPLIST_KEY_UISupportedInterfaceOrientations = UIInterfaceOrientationPortrait;
				INFOPLIST_KEY_UISupportedInterfaceOrientations_iPad = "UIInterfaceOrientationLandscapeLeft UIInterfaceOrientationLandscapeRight UIInterfaceOrientationPortrait UIInterfaceOrientationPortraitUpsideDown";
				LD_RUNPATH_SEARCH_PATHS = (
					"$(inherited)",
					"@executable_path/Frameworks",
				);
				MARKETING_VERSION = 1.0;
				PRODUCT_BUNDLE_IDENTIFIER = com.olrae.StudyMVVM;
				PRODUCT_NAME = "$(TARGET_NAME)";
				SUPPORTED_PLATFORMS = "iphoneos iphonesimulator";
				SUPPORTS_MACCATALYST = NO;
				SUPPORTS_MAC_DESIGNED_FOR_IPHONE_IPAD = NO;
				SUPPORTS_XR_DESIGNED_FOR_IPHONE_IPAD = NO;
				SWIFT_EMIT_LOC_STRINGS = YES;
				SWIFT_VERSION = 5.0;
				TARGETED_DEVICE_FAMILY = 1;
			};
			name = Release;
		};
/* End XCBuildConfiguration section */

/* Begin XCConfigurationList section */
		EC8FB7F42B873849001F2EBD /* Build configuration list for PBXProject "StudyMVVM" */ = {
			isa = XCConfigurationList;
			buildConfigurations = (
				EC8FB80B2B87384A001F2EBD /* Debug */,
				EC8FB80C2B87384A001F2EBD /* Release */,
			);
			defaultConfigurationIsVisible = 0;
			defaultConfigurationName = Release;
		};
		EC8FB80D2B87384A001F2EBD /* Build configuration list for PBXNativeTarget "StudyMVVM" */ = {
			isa = XCConfigurationList;
			buildConfigurations = (
				EC8FB80E2B87384A001F2EBD /* Debug */,
				EC8FB80F2B87384A001F2EBD /* Release */,
			);
			defaultConfigurationIsVisible = 0;
			defaultConfigurationName = Release;
		};
/* End XCConfigurationList section */

/* Begin XCRemoteSwiftPackageReference section */
		EC8FB8122B873AAA001F2EBD /* XCRemoteSwiftPackageReference "SnapKit" */ = {
			isa = XCRemoteSwiftPackageReference;
			repositoryURL = "https://github.com/SnapKit/SnapKit.git";
			requirement = {
				kind = upToNextMajorVersion;
				minimumVersion = 5.7.1;
			};
		};
/* End XCRemoteSwiftPackageReference section */

/* Begin XCSwiftPackageProductDependency section */
		EC8FB8132B873AAA001F2EBD /* SnapKit */ = {
			isa = XCSwiftPackageProductDependency;
			package = EC8FB8122B873AAA001F2EBD /* XCRemoteSwiftPackageReference "SnapKit" */;
			productName = SnapKit;
		};
/* End XCSwiftPackageProductDependency section */
	};
	rootObject = EC8FB7F12B873849001F2EBD /* Project object */;
}
